
Microsoft Visual Studio Solution File, Format Version 12.00
# Visual Studio 15
VisualStudioVersion = 15.0.28010.2048
MinimumVisualStudioVersion = 10.0.40219.1
Project("{FAE04EC0-301F-11D3-BF4B-00C04F79EFBC}") = "FPBackService", "FPBackService\FPBackService.csproj", "{FC76E53B-0ADC-49C1-BDAA-6B6C4E4B40A4}"
EndProject
Global
	GlobalSection(SolutionConfigurationPlatforms) = preSolution
		Debug|Any CPU = Debug|Any CPU
		Release|Any CPU = Release|Any CPU
	EndGlobalSection
	GlobalSection(ProjectConfigurationPlatforms) = postSolution
		{FC76E53B-0ADC-49C1-BDAA-6B6C4E4B40A4}.Debug|Any CPU.ActiveCfg = Debug|Any CPU
		{FC76E53B-0ADC-49C1-BDAA-6B6C4E4B40A4}.Debug|Any CPU.Build.0 = Debug|Any CPU
		{FC76E53B-0ADC-49C1-BDAA-6B6C4E4B40A4}.Release|Any CPU.ActiveCfg = Release|Any CPU
		{FC76E53B-0ADC-49C1-BDAA-6B6C4E4B40A4}.Release|Any CPU.Build.0 = Release|Any CPU
	EndGlobalSection
	GlobalSection(SolutionProperties) = preSolution
		HideSolutionNode = FALSE
	EndGlobalSection
	GlobalSection(ExtensibilityGlobals) = postSolution
		SolutionGuid = {0DB866DB-EC52-4025-AC6E-D1AA0671C366}
	EndGlobalSection
EndGlobal
